github.com/chewxy/math32 v1.11.1 h1:b7PGHlp8KjylDoU8RrcEsRuGZhJuz8haxnKfuMMRqy8=
github.com/chewxy/math32 v1.11.1/go.mod h1:dOB2rcuFrCn6UHrze36WSLVPKtzPMRAQvBvUwkSsLqs=
github.com/frankban/quicktest v1.10.2 h1:19ARM85nVi4xH7xPXuc5eM/udya5ieh7b/Sv+d844Tk=
github.com/frankban/quicktest v1.10.2/go.mod h1:K+q6oSqb0W0Ininfk863uOk1lMy69l/P6txr3mVT54s=
github.com/google/go-cmp v0.6.0 h1:ofyhxvXcZhMsU5ulbFiLKl/XBFqE1GSq7atu8tAmTRI=
github.com/google/go-cmp v0.6.0/go.mod h1:17dUlkBOakJ0+DkrSSNjCkIjxS6bF9zb3elmeNGIjoY=
github.com/google/shlex v0.0.0-20191202100458-e7afc7fbc510 h1:El6M4kTTCOh6aBiKaUGG7oYTSPP8MxqL4YI3kZKwcP4=
github.com/google/shlex v0.0.0-20191202100458-e7afc7fbc510/go.mod h1:pupxD2MaaD3pAXIBCelhxNneeOaAeabZDe5s4K6zSpQ=
github.com/kr/pretty v0.2.1 h1:Fmg33tUaq4/8ym9TJN1x7sLJnHVwhP33CNkpYV/7rwI=
github.com/kr/pretty v0.2.1/go.mod h1:ipq/a2n7PKx3OHsz4KJII5eveXtPO4qwEXGdVfWzfnI=
github.com/kr/text v0.1.0 h1:45sCR5RtlFHMR4UwH9sdQ5TC8v0qDQCHnXt+kaKSTVE=
github.com/kr/text v0.1.0/go.mod h1:4Jbv+DJW3UT/LiOwJeYQe1efqtUx/iVham/4vfdArNI=
github.com/smartystreets/assertions v1.2.0 h1:42S6lae5dvLc7BrLu/0ugRtcFVjoJNMC/N3yZFZkDFs=
github.com/smartystreets/assertions v1.2.0/go.mod h1:tcbTF8ujkAEcZ8TElKY+i30BzYlVhC/LOxJk7iOWnoo=
github.com/tinygo-org/go-cayenne-lib v0.0.0-20230116181903-6c670c96018c h1:dT/cBU6zI10Hz/Euz4ymhKjyTen4XjVZJzzp3va84qM=
github.com/tinygo-org/go-cayenne-lib v0.0.0-20230116181903-6c670c96018c/go.mod h1:HTTus7UIBhXKvLIeNGybbG1o7wr4zwwVbbUXwFqrtp0=
tinygo.org/x/drivers v0.34.1-0.20260114195543-0e2fb829efb1 h1:cNUDkcMD11rS3b/PeO0ZQF/UBj/+aO7EzwTbE2i+/Lc=
tinygo.org/x/drivers v0.34.1-0.20260114195543-0e2fb829efb1/go.mod h1:ZdErNrApSABdVXjA1RejD67R8SNRI6RKVfYgQDZtKtk=
tinygo.org/x/wireless v0.0.0-20260121153201-f0d8647de68c h1:x31L4PsHqr+h0m/+V6eX1tn///ROI5i14XAbPMgg9Qg=
tinygo.org/x/wireless v0.0.0-20260121153201-f0d8647de68c/go.mod h1:rV/on2u7smpWIzhBMaWHqshjX8GDAruJGB+IVhbjkcI=
